{
  "version": 4,
  "terraform_version": "1.5.7",
  "serial": 3,
  "lineage": "c5e68117-a504-970e-95c1-b833b8338331",
  "outputs": {},
  "resources": [
    {
      "mode": "managed",
      "type": "local_file",
      "name": "pet",
      "provider": "provider[\"registry.terraform.io/hashicorp/local\"]",
      "instances": [
        {
          "index_key": "/root/cats.txt",
          "schema_version": 0,
          "attributes": {
            "content": "special",
            "content_base64": null,
            "content_base64sha256": "fUxciJTgFudy6besqwTSt3WtTnhh0WLKWkjeenFRpqI=",
            "content_base64sha512": "mNXyjwxgTX406nMOjdYaZEz4Ob0aVlOburoLunjFUp4+twAsOYWsetWtooZR+ohTK0VxdynHzZlY4OF0FeH86g==",
            "content_md5": "0bd6506986ec42e732ffb866d33bb14e",
            "content_sha1": "ba36b97a41e7faf742ab09bf88405ac04f99599a",
            "content_sha256": "7d4c5c8894e016e772e9b7acab04d2b775ad4e7861d162ca5a48de7a7151a6a2",
            "content_sha512": "98d5f28f0c604d7e34ea730e8dd61a644cf839bd1a56539bbaba0bba78c5529e3eb7002c3985ac7ad5ada28651fa88532b45717729c7cd9958e0e17415e1fcea",
            "directory_permission": "0777",
            "file_permission": "0777",
            "filename": "/root/cats.txt",
            "id": "ba36b97a41e7faf742ab09bf88405ac04f99599a",
            "sensitive_content": null,
            "source": null
          },
          "sensitive_attributes": []
        },
        {
          "index_key": "/root/dogs.txt",
          "schema_version": 0,
          "attributes": {
            "content": "special",
            "content_base64": null,
            "content_base64sha256": "fUxciJTgFudy6besqwTSt3WtTnhh0WLKWkjeenFRpqI=",
            "content_base64sha512": "mNXyjwxgTX406nMOjdYaZEz4Ob0aVlOburoLunjFUp4+twAsOYWsetWtooZR+ohTK0VxdynHzZlY4OF0FeH86g==",
            "content_md5": "0bd6506986ec42e732ffb866d33bb14e",
            "content_sha1": "ba36b97a41e7faf742ab09bf88405ac04f99599a",
            "content_sha256": "7d4c5c8894e016e772e9b7acab04d2b775ad4e7861d162ca5a48de7a7151a6a2",
            "content_sha512": "98d5f28f0c604d7e34ea730e8dd61a644cf839bd1a56539bbaba0bba78c5529e3eb7002c3985ac7ad5ada28651fa88532b45717729c7cd9958e0e17415e1fcea",
            "directory_permission": "0777",
            "file_permission": "0777",
            "filename": "/root/dogs.txt",
            "id": "ba36b97a41e7faf742ab09bf88405ac04f99599a",
            "sensitive_content": null,
            "source": null
          },
          "sensitive_attributes": []
        },
        {
          "index_key": "/root/pets.txt",
          "schema_version": 0,
          "attributes": {
            "content": "special",
            "content_base64": null,
            "content_base64sha256": "fUxciJTgFudy6besqwTSt3WtTnhh0WLKWkjeenFRpqI=",
            "content_base64sha512": "mNXyjwxgTX406nMOjdYaZEz4Ob0aVlOburoLunjFUp4+twAsOYWsetWtooZR+ohTK0VxdynHzZlY4OF0FeH86g==",
            "content_md5": "0bd6506986ec42e732ffb866d33bb14e",
            "content_sha1": "ba36b97a41e7faf742ab09bf88405ac04f99599a",
            "content_sha256": "7d4c5c8894e016e772e9b7acab04d2b775ad4e7861d162ca5a48de7a7151a6a2",
            "content_sha512": "98d5f28f0c604d7e34ea730e8dd61a644cf839bd1a56539bbaba0bba78c5529e3eb7002c3985ac7ad5ada28651fa88532b45717729c7cd9958e0e17415e1fcea",
            "directory_permission": "0777",
            "file_permission": "0777",
            "filename": "/root/pets.txt",
            "id": "ba36b97a41e7faf742ab09bf88405ac04f99599a",
            "sensitive_content": null,
            "source": null
          },
          "sensitive_attributes": []
        }
      ]
    }
  ],
  "check_results": null
}
