{
  "version": 4,
  "terraform_version": "1.5.7",
  "serial": 11,
  "lineage": "52aaf1e0-7c02-bca1-7750-aacb19960dfc",
  "outputs": {
    "pets": {
      "value": [
        {
          "content": "special",
          "content_base64": null,
          "content_base64sha256": "fUxciJTgFudy6besqwTSt3WtTnhh0WLKWkjeenFRpqI=",
          "content_base64sha512": "mNXyjwxgTX406nMOjdYaZEz4Ob0aVlOburoLunjFUp4+twAsOYWsetWtooZR+ohTK0VxdynHzZlY4OF0FeH86g==",
          "content_md5": "0bd6506986ec42e732ffb866d33bb14e",
          "content_sha1": "ba36b97a41e7faf742ab09bf88405ac04f99599a",
          "content_sha256": "7d4c5c8894e016e772e9b7acab04d2b775ad4e7861d162ca5a48de7a7151a6a2",
          "content_sha512": "98d5f28f0c604d7e34ea730e8dd61a644cf839bd1a56539bbaba0bba78c5529e3eb7002c3985ac7ad5ada28651fa88532b45717729c7cd9958e0e17415e1fcea",
          "directory_permission": "0777",
          "file_permission": "0777",
          "filename": "/root/dogs.txt",
          "id": "ba36b97a41e7faf742ab09bf88405ac04f99599a",
          "sensitive_content": null,
          "source": null
        },
        {
          "content": "special",
          "content_base64": null,
          "content_base64sha256": "fUxciJTgFudy6besqwTSt3WtTnhh0WLKWkjeenFRpqI=",
          "content_base64sha512": "mNXyjwxgTX406nMOjdYaZEz4Ob0aVlOburoLunjFUp4+twAsOYWsetWtooZR+ohTK0VxdynHzZlY4OF0FeH86g==",
          "content_md5": "0bd6506986ec42e732ffb866d33bb14e",
          "content_sha1": "ba36b97a41e7faf742ab09bf88405ac04f99599a",
          "content_sha256": "7d4c5c8894e016e772e9b7acab04d2b775ad4e7861d162ca5a48de7a7151a6a2",
          "content_sha512": "98d5f28f0c604d7e34ea730e8dd61a644cf839bd1a56539bbaba0bba78c5529e3eb7002c3985ac7ad5ada28651fa88532b45717729c7cd9958e0e17415e1fcea",
          "directory_permission": "0777",
          "file_permission": "0777",
          "filename": "/root/cats.txt",
          "id": "ba36b97a41e7faf742ab09bf88405ac04f99599a",
          "sensitive_content": null,
          "source": null
        }
      ],
      "type": [
        "tuple",
        [
          [
            "object",
            {
              "content": "string",
              "content_base64": "string",
              "content_base64sha256": "string",
              "content_base64sha512": "string",
              "content_md5": "string",
              "content_sha1": "string",
              "content_sha256": "string",
              "content_sha512": "string",
              "directory_permission": "string",
              "file_permission": "string",
              "filename": "string",
              "id": "string",
              "sensitive_content": "string",
              "source": "string"
            }
          ],
          [
            "object",
            {
              "content": "string",
              "content_base64": "string",
              "content_base64sha256": "string",
              "content_base64sha512": "string",
              "content_md5": "string",
              "content_sha1": "string",
              "content_sha256": "string",
              "content_sha512": "string",
              "directory_permission": "string",
              "file_permission": "string",
              "filename": "string",
              "id": "string",
              "sensitive_content": "string",
              "source": "string"
            }
          ]
        ]
      ],
      "sensitive": true
    }
  },
  "resources": [
    {
      "mode": "managed",
      "type": "local_file",
      "name": "pet",
      "provider": "provider[\"registry.terraform.io/hashicorp/local\"]",
      "instances": [
        {
          "index_key": 0,
          "schema_version": 0,
          "attributes": {
            "content": "special",
            "content_base64": null,
            "content_base64sha256": "fUxciJTgFudy6besqwTSt3WtTnhh0WLKWkjeenFRpqI=",
            "content_base64sha512": "mNXyjwxgTX406nMOjdYaZEz4Ob0aVlOburoLunjFUp4+twAsOYWsetWtooZR+ohTK0VxdynHzZlY4OF0FeH86g==",
            "content_md5": "0bd6506986ec42e732ffb866d33bb14e",
            "content_sha1": "ba36b97a41e7faf742ab09bf88405ac04f99599a",
            "content_sha256": "7d4c5c8894e016e772e9b7acab04d2b775ad4e7861d162ca5a48de7a7151a6a2",
            "content_sha512": "98d5f28f0c604d7e34ea730e8dd61a644cf839bd1a56539bbaba0bba78c5529e3eb7002c3985ac7ad5ada28651fa88532b45717729c7cd9958e0e17415e1fcea",
            "directory_permission": "0777",
            "file_permission": "0777",
            "filename": "/root/dogs.txt",
            "id": "ba36b97a41e7faf742ab09bf88405ac04f99599a",
            "sensitive_content": null,
            "source": null
          },
          "sensitive_attributes": []
        },
        {
          "index_key": 1,
          "schema_version": 0,
          "attributes": {
            "content": "special",
            "content_base64": null,
            "content_base64sha256": "fUxciJTgFudy6besqwTSt3WtTnhh0WLKWkjeenFRpqI=",
            "content_base64sha512": "mNXyjwxgTX406nMOjdYaZEz4Ob0aVlOburoLunjFUp4+twAsOYWsetWtooZR+ohTK0VxdynHzZlY4OF0FeH86g==",
            "content_md5": "0bd6506986ec42e732ffb866d33bb14e",
            "content_sha1": "ba36b97a41e7faf742ab09bf88405ac04f99599a",
            "content_sha256": "7d4c5c8894e016e772e9b7acab04d2b775ad4e7861d162ca5a48de7a7151a6a2",
            "content_sha512": "98d5f28f0c604d7e34ea730e8dd61a644cf839bd1a56539bbaba0bba78c5529e3eb7002c3985ac7ad5ada28651fa88532b45717729c7cd9958e0e17415e1fcea",
            "directory_permission": "0777",
            "file_permission": "0777",
            "filename": "/root/cats.txt",
            "id": "ba36b97a41e7faf742ab09bf88405ac04f99599a",
            "sensitive_content": null,
            "source": null
          },
          "sensitive_attributes": []
        }
      ]
    }
  ],
  "check_results": null
}
